
Microsoft Visual Studio Solution File, Format Version 12.00
# Visual Studio Version 17
VisualStudioVersion = 17.12.35514.174
MinimumVisualStudioVersion = 10.0.40219.1
Project("{2150E333-8FDC-42A3-9474-1A3956D46DE8}") = "src", "src", "{C884B7B2-3145-45F6-866D-F0F3A421AAB4}"
EndProject
Project("{2150E333-8FDC-42A3-9474-1A3956D46DE8}") = "API", "API", "{57CA6130-5A1B-4A9B-A254-F6031D7019B8}"
EndProject
Project("{2150E333-8FDC-42A3-9474-1A3956D46DE8}") = "Core", "Core", "{990CBDB2-E082-495E-A1F1-2D070BFFC67B}"
EndProject
Project("{2150E333-8FDC-42A3-9474-1A3956D46DE8}") = "Infrastructure", "Infrastructure", "{913B86A9-765E-49BD-A6AD-037D5280709F}"
EndProject
Project("{FAE04EC0-301F-11D3-BF4B-00C04F79EFBC}") = "App.Application", "App.Application\App.Application.csproj", "{A6D9C40B-C3ED-4AD7-AA63-64676EDA9FE5}"
EndProject
Project("{FAE04EC0-301F-11D3-BF4B-00C04F79EFBC}") = "App.Domain", "App.Domain\App.Domain.csproj", "{4DA95269-34A8-4F67-B41C-F5EFDFAD7D5C}"
EndProject
Project("{FAE04EC0-301F-11D3-BF4B-00C04F79EFBC}") = "App.Persistence", "App.Persistence\App.Persistence.csproj", "{F259752D-315C-4A98-A4AB-7EB037011450}"
EndProject
Project("{FAE04EC0-301F-11D3-BF4B-00C04F79EFBC}") = "App.API", "App.API\App.API.csproj", "{56149A7D-2E10-44E6-A481-2D6B2F656BCC}"
EndProject
Global
	GlobalSection(SolutionConfigurationPlatforms) = preSolution
		Debug|Any CPU = Debug|Any CPU
		Release|Any CPU = Release|Any CPU
	EndGlobalSection
	GlobalSection(ProjectConfigurationPlatforms) = postSolution
		{A6D9C40B-C3ED-4AD7-AA63-64676EDA9FE5}.Debug|Any CPU.ActiveCfg = Debug|Any CPU
		{A6D9C40B-C3ED-4AD7-AA63-64676EDA9FE5}.Debug|Any CPU.Build.0 = Debug|Any CPU
		{A6D9C40B-C3ED-4AD7-AA63-64676EDA9FE5}.Release|Any CPU.ActiveCfg = Release|Any CPU
		{A6D9C40B-C3ED-4AD7-AA63-64676EDA9FE5}.Release|Any CPU.Build.0 = Release|Any CPU
		{4DA95269-34A8-4F67-B41C-F5EFDFAD7D5C}.Debug|Any CPU.ActiveCfg = Debug|Any CPU
		{4DA95269-34A8-4F67-B41C-F5EFDFAD7D5C}.Debug|Any CPU.Build.0 = Debug|Any CPU
		{4DA95269-34A8-4F67-B41C-F5EFDFAD7D5C}.Release|Any CPU.ActiveCfg = Release|Any CPU
		{4DA95269-34A8-4F67-B41C-F5EFDFAD7D5C}.Release|Any CPU.Build.0 = Release|Any CPU
		{F259752D-315C-4A98-A4AB-7EB037011450}.Debug|Any CPU.ActiveCfg = Debug|Any CPU
		{F259752D-315C-4A98-A4AB-7EB037011450}.Debug|Any CPU.Build.0 = Debug|Any CPU
		{F259752D-315C-4A98-A4AB-7EB037011450}.Release|Any CPU.ActiveCfg = Release|Any CPU
		{F259752D-315C-4A98-A4AB-7EB037011450}.Release|Any CPU.Build.0 = Release|Any CPU
		{56149A7D-2E10-44E6-A481-2D6B2F656BCC}.Debug|Any CPU.ActiveCfg = Debug|Any CPU
		{56149A7D-2E10-44E6-A481-2D6B2F656BCC}.Debug|Any CPU.Build.0 = Debug|Any CPU
		{56149A7D-2E10-44E6-A481-2D6B2F656BCC}.Release|Any CPU.ActiveCfg = Release|Any CPU
		{56149A7D-2E10-44E6-A481-2D6B2F656BCC}.Release|Any CPU.Build.0 = Release|Any CPU
	EndGlobalSection
	GlobalSection(SolutionProperties) = preSolution
		HideSolutionNode = FALSE
	EndGlobalSection
	GlobalSection(NestedProjects) = preSolution
		{57CA6130-5A1B-4A9B-A254-F6031D7019B8} = {C884B7B2-3145-45F6-866D-F0F3A421AAB4}
		{990CBDB2-E082-495E-A1F1-2D070BFFC67B} = {C884B7B2-3145-45F6-866D-F0F3A421AAB4}
		{913B86A9-765E-49BD-A6AD-037D5280709F} = {C884B7B2-3145-45F6-866D-F0F3A421AAB4}
		{A6D9C40B-C3ED-4AD7-AA63-64676EDA9FE5} = {990CBDB2-E082-495E-A1F1-2D070BFFC67B}
		{4DA95269-34A8-4F67-B41C-F5EFDFAD7D5C} = {990CBDB2-E082-495E-A1F1-2D070BFFC67B}
		{F259752D-315C-4A98-A4AB-7EB037011450} = {913B86A9-765E-49BD-A6AD-037D5280709F}
		{56149A7D-2E10-44E6-A481-2D6B2F656BCC} = {57CA6130-5A1B-4A9B-A254-F6031D7019B8}
	EndGlobalSection
EndGlobal
